
Microsoft Visual Studio Solution File, Format Version 12.00
# Visual Studio Version 17
VisualStudioVersion = 17.8.34408.163
MinimumVisualStudioVersion = 10.0.40219.1
Project("{FAE04EC0-301F-11D3-BF4B-00C04F79EFBC}") = "modul10_1302223083", "modul10_1302223083.csproj", "{B4976B00-CD62-449C-AA26-F32BCC8488F6}"
EndProject
Global
	GlobalSection(SolutionConfigurationPlatforms) = preSolution
		Debug|Any CPU = Debug|Any CPU
		Release|Any CPU = Release|Any CPU
	EndGlobalSection
	GlobalSection(ProjectConfigurationPlatforms) = postSolution
		{B4976B00-CD62-449C-AA26-F32BCC8488F6}.Debug|Any CPU.ActiveCfg = Debug|Any CPU
		{B4976B00-CD62-449C-AA26-F32BCC8488F6}.Debug|Any CPU.Build.0 = Debug|Any CPU
		{B4976B00-CD62-449C-AA26-F32BCC8488F6}.Release|Any CPU.ActiveCfg = Release|Any CPU
		{B4976B00-CD62-449C-AA26-F32BCC8488F6}.Release|Any CPU.Build.0 = Release|Any CPU
	EndGlobalSection
	GlobalSection(SolutionProperties) = preSolution
		HideSolutionNode = FALSE
	EndGlobalSection
	GlobalSection(ExtensibilityGlobals) = postSolution
		SolutionGuid = {4E1C7896-DE3C-4080-98F7-0A65BA1D2F65}
	EndGlobalSection
EndGlobal
